
Microsoft Visual Studio Solution File, Format Version 12.00
# Visual Studio Version 17
VisualStudioVersion = 17.5.002.0
MinimumVisualStudioVersion = 10.0.40219.1
Project("{9A19103F-16F7-4668-BE54-9A1E7A4F7556}") = "Restaurant_pages", "Restaurant_pages.csproj", "{3A34F7A1-2EA0-4F1E-9866-8138092DE05F}"
EndProject
Project("{9A19103F-16F7-4668-BE54-9A1E7A4F7556}") = "DBAccess", "..\DBAccess\DBAccess.csproj", "{D81F6A5E-8589-4FCD-9F3F-7BA477AD1497}"
EndProject
Project("{FAE04EC0-301F-11D3-BF4B-00C04F79EFBC}") = "CheckConsole", "..\CheckConsole\CheckConsole.csproj", "{4B9B1C9E-1B24-4C3D-BF0B-C78339871DBE}"
EndProject
Global
	GlobalSection(SolutionConfigurationPlatforms) = preSolution
		Debug|Any CPU = Debug|Any CPU
		Release|Any CPU = Release|Any CPU
	EndGlobalSection
	GlobalSection(ProjectConfigurationPlatforms) = postSolution
		{3A34F7A1-2EA0-4F1E-9866-8138092DE05F}.Debug|Any CPU.ActiveCfg = Debug|Any CPU
		{3A34F7A1-2EA0-4F1E-9866-8138092DE05F}.Debug|Any CPU.Build.0 = Debug|Any CPU
		{3A34F7A1-2EA0-4F1E-9866-8138092DE05F}.Release|Any CPU.ActiveCfg = Release|Any CPU
		{3A34F7A1-2EA0-4F1E-9866-8138092DE05F}.Release|Any CPU.Build.0 = Release|Any CPU
		{D81F6A5E-8589-4FCD-9F3F-7BA477AD1497}.Debug|Any CPU.ActiveCfg = Debug|Any CPU
		{D81F6A5E-8589-4FCD-9F3F-7BA477AD1497}.Debug|Any CPU.Build.0 = Debug|Any CPU
		{D81F6A5E-8589-4FCD-9F3F-7BA477AD1497}.Release|Any CPU.ActiveCfg = Release|Any CPU
		{D81F6A5E-8589-4FCD-9F3F-7BA477AD1497}.Release|Any CPU.Build.0 = Release|Any CPU
		{4B9B1C9E-1B24-4C3D-BF0B-C78339871DBE}.Debug|Any CPU.ActiveCfg = Debug|Any CPU
		{4B9B1C9E-1B24-4C3D-BF0B-C78339871DBE}.Debug|Any CPU.Build.0 = Debug|Any CPU
		{4B9B1C9E-1B24-4C3D-BF0B-C78339871DBE}.Release|Any CPU.ActiveCfg = Release|Any CPU
		{4B9B1C9E-1B24-4C3D-BF0B-C78339871DBE}.Release|Any CPU.Build.0 = Release|Any CPU
	EndGlobalSection
	GlobalSection(SolutionProperties) = preSolution
		HideSolutionNode = FALSE
	EndGlobalSection
	GlobalSection(ExtensibilityGlobals) = postSolution
		SolutionGuid = {3BADF446-44A4-4ED8-8600-D83788C2DE51}
	EndGlobalSection
EndGlobal
